// !$*UTF8*$!
{
	archiveVersion = 1;
	classes = {
	};
	objectVersion = 50;
	objects = {

/* Begin PBXBuildFile section */
		63C6D99B24035A2D00A8E10C /* AppDelegate.swift in Sources */ = {isa = PBXBuildFile; fileRef = 63C6D99A24035A2D00A8E10C /* AppDelegate.swift */; };
		63C6D99D24035A2E00A8E10C /* SceneDelegate.swift in Sources */ = {isa = PBXBuildFile; fileRef = 63C6D99C24035A2E00A8E10C /* SceneDelegate.swift */; };
		63C6D99F24035A2E00A8E10C /* ViewController.swift in Sources */ = {isa = PBXBuildFile; fileRef = 63C6D99E24035A2E00A8E10C /* ViewController.swift */; };
		63C6D9A224035A2E00A8E10C /* Main.storyboard in Resources */ = {isa = PBXBuildFile; fileRef = 63C6D9A024035A2E00A8E10C /* Main.storyboard */; };
		63C6D9A424035A2F00A8E10C /* Assets.xcassets in Resources */ = {isa = PBXBuildFile; fileRef = 63C6D9A324035A2F00A8E10C /* Assets.xcassets */; };
		63C6D9A724035A2F00A8E10C /* LaunchScreen.storyboard in Resources */ = {isa = PBXBuildFile; fileRef = 63C6D9A524035A2F00A8E10C /* LaunchScreen.storyboard */; };
		63C6D9B12403664700A8E10C /* FirstViewController.swift in Sources */ = {isa = PBXBuildFile; fileRef = 63C6D9B02403664700A8E10C /* FirstViewController.swift */; };
		63C6D9B324036C1100A8E10C /* First.storyboard in Resources */ = {isa = PBXBuildFile; fileRef = 63C6D9B224036C1100A8E10C /* First.storyboard */; };
		63C6D9B52403811400A8E10C /* Second.storyboard in Resources */ = {isa = PBXBuildFile; fileRef = 63C6D9B42403811400A8E10C /* Second.storyboard */; };
		63C6D9B72403811C00A8E10C /* Third.storyboard in Resources */ = {isa = PBXBuildFile; fileRef = 63C6D9B62403811C00A8E10C /* Third.storyboard */; };
/* End PBXBuildFile section */

/* Begin PBXFileReference section */
		63C6D99724035A2D00A8E10C /* StoryboardReference.app */ = {isa = PBXFileReference; explicitFileType = wrapper.application; includeInIndex = 0; path = StoryboardReference.app; sourceTree = BUILT_PRODUCTS_DIR; };
		63C6D99A24035A2D00A8E10C /* AppDelegate.swift */ = {isa = PBXFileReference; lastKnownFileType = sourcecode.swift; path = AppDelegate.swift; sourceTree = "<group>"; };
		63C6D99C24035A2E00A8E10C /* SceneDelegate.swift */ = {isa = PBXFileReference; lastKnownFileType = sourcecode.swift; path = SceneDelegate.swift; sourceTree = "<group>"; };
		63C6D99E24035A2E00A8E10C /* ViewController.swift */ = {isa = PBXFileReference; lastKnownFileType = sourcecode.swift; path = ViewController.swift; sourceTree = "<group>"; };
		63C6D9A124035A2E00A8E10C /* Base */ = {isa = PBXFileReference; lastKnownFileType = file.storyboard; name = Base; path = Base.lproj/Main.storyboard; sourceTree = "<group>"; };
		63C6D9A324035A2F00A8E10C /* Assets.xcassets */ = {isa = PBXFileReference; lastKnownFileType = folder.assetcatalog; path = Assets.xcassets; sourceTree = "<group>"; };
		63C6D9A624035A2F00A8E10C /* Base */ = {isa = PBXFileReference; lastKnownFileType = file.storyboard; name = Base; path = Base.lproj/LaunchScreen.storyboard; sourceTree = "<group>"; };
		63C6D9A824035A2F00A8E10C /* Info.plist */ = {isa = PBXFileReference; lastKnownFileType = text.plist.xml; path = Info.plist; sourceTree = "<group>"; };
		63C6D9B02403664700A8E10C /* FirstViewController.swift */ = {isa = PBXFileReference; lastKnownFileType = sourcecode.swift; path = FirstViewController.swift; sourceTree = "<group>"; };
		63C6D9B224036C1100A8E10C /* First.storyboard */ = {isa = PBXFileReference; lastKnownFileType = file.storyboard; path = First.storyboard; sourceTree = "<group>"; };
		63C6D9B42403811400A8E10C /* Second.storyboard */ = {isa = PBXFileReference; lastKnownFileType = file.storyboard; path = Second.storyboard; sourceTree = "<group>"; };
		63C6D9B62403811C00A8E10C /* Third.storyboard */ = {isa = PBXFileReference; lastKnownFileType = file.storyboard; path = Third.storyboard; sourceTree = "<group>"; };
/* End PBXFileReference section */

/* Begin PBXFrameworksBuildPhase section */
		63C6D99424035A2D00A8E10C /* Frameworks */ = {
			isa = PBXFrameworksBuildPhase;
			buildActionMask = 2147483647;
			files = (
			);
			runOnlyForDeploymentPostprocessing = 0;
		};
/* End PBXFrameworksBuildPhase section */

/* Begin PBXGroup section */
		63C6D98E24035A2D00A8E10C = {
			isa = PBXGroup;
			children = (
				63C6D99924035A2D00A8E10C /* StoryboardReference */,
				63C6D99824035A2D00A8E10C /* Products */,
			);
			sourceTree = "<group>";
		};
		63C6D99824035A2D00A8E10C /* Products */ = {
			isa = PBXGroup;
			children = (
				63C6D99724035A2D00A8E10C /* StoryboardReference.app */,
			);
			name = Products;
			sourceTree = "<group>";
		};
		63C6D99924035A2D00A8E10C /* StoryboardReference */ = {
			isa = PBXGroup;
			children = (
				63C6D99A24035A2D00A8E10C /* AppDelegate.swift */,
				63C6D99C24035A2E00A8E10C /* SceneDelegate.swift */,
				63C6D99E24035A2E00A8E10C /* ViewController.swift */,
				63C6D9B02403664700A8E10C /* FirstViewController.swift */,
				63C6D9A024035A2E00A8E10C /* Main.storyboard */,
				63C6D9B224036C1100A8E10C /* First.storyboard */,
				63C6D9B42403811400A8E10C /* Second.storyboard */,
				63C6D9B62403811C00A8E10C /* Third.storyboard */,
				63C6D9A324035A2F00A8E10C /* Assets.xcassets */,
				63C6D9A524035A2F00A8E10C /* LaunchScreen.storyboard */,
				63C6D9A824035A2F00A8E10C /* Info.plist */,
			);
			path = StoryboardReference;
			sourceTree = "<group>";
		};
/* End PBXGroup section */

/* Begin PBXNativeTarget section */
		63C6D99624035A2D00A8E10C /* StoryboardReference */ = {
			isa = PBXNativeTarget;
			buildConfigurationList = 63C6D9AB24035A2F00A8E10C /* Build configuration list for PBXNativeTarget "StoryboardReference" */;
			buildPhases = (
				63C6D99324035A2D00A8E10C /* Sources */,
				63C6D99424035A2D00A8E10C /* Frameworks */,
				63C6D99524035A2D00A8E10C /* Resources */,
			);
			buildRules = (
			);
			dependencies = (
			);
			name = StoryboardReference;
			productName = StoryboardReference;
			productReference = 63C6D99724035A2D00A8E10C /* StoryboardReference.app */;
			productType = "com.apple.product-type.application";
		};
/* End PBXNativeTarget section */

/* Begin PBXProject section */
		63C6D98F24035A2D00A8E10C /* Project object */ = {
			isa = PBXProject;
			attributes = {
				LastSwiftUpdateCheck = 1130;
				LastUpgradeCheck = 1130;
				ORGANIZATIONNAME = swieeft;
				TargetAttributes = {
					63C6D99624035A2D00A8E10C = {
						CreatedOnToolsVersion = 11.3;
					};
				};
			};
			buildConfigurationList = 63C6D99224035A2D00A8E10C /* Build configuration list for PBXProject "StoryboardReference" */;
			compatibilityVersion = "Xcode 9.3";
			developmentRegion = en;
			hasScannedForEncodings = 0;
			knownRegions = (
				en,
				Base,
			);
			mainGroup = 63C6D98E24035A2D00A8E10C;
			productRefGroup = 63C6D99824035A2D00A8E10C /* Products */;
			projectDirPath = "";
			projectRoot = "";
			targets = (
				63C6D99624035A2D00A8E10C /* StoryboardReference */,
			);
		};
/* End PBXProject section */

/* Begin PBXResourcesBuildPhase section */
		63C6D99524035A2D00A8E10C /* Resources */ = {
			isa = PBXResourcesBuildPhase;
			buildActionMask = 2147483647;
			files = (
				63C6D9A724035A2F00A8E10C /* LaunchScreen.storyboard in Resources */,
				63C6D9A424035A2F00A8E10C /* Assets.xcassets in Resources */,
				63C6D9A224035A2E00A8E10C /* Main.storyboard in Resources */,
				63C6D9B52403811400A8E10C /* Second.storyboard in Resources */,
				63C6D9B72403811C00A8E10C /* Third.storyboard in Resources */,
				63C6D9B324036C1100A8E10C /* First.storyboard in Resources */,
			);
			runOnlyForDeploymentPostprocessing = 0;
		};
/* End PBXResourcesBuildPhase section */

/* Begin PBXSourcesBuildPhase section */
		63C6D99324035A2D00A8E10C /* Sources */ = {
			isa = PBXSourcesBuildPhase;
			buildActionMask = 2147483647;
			files = (
				63C6D99F24035A2E00A8E10C /* ViewController.swift in Sources */,
				63C6D99B24035A2D00A8E10C /* AppDelegate.swift in Sources */,
				63C6D99D24035A2E00A8E10C /* SceneDelegate.swift in Sources */,
				63C6D9B12403664700A8E10C /* FirstViewController.swift in Sources */,
			);
			runOnlyForDeploymentPostprocessing = 0;
		};
/* End PBXSourcesBuildPhase section */

/* Begin PBXVariantGroup section */
		63C6D9A024035A2E00A8E10C /* Main.storyboard */ = {
			isa = PBXVariantGroup;
			children = (
				63C6D9A124035A2E00A8E10C /* Base */,
			);
			name = Main.storyboard;
			sourceTree = "<group>";
		};
		63C6D9A524035A2F00A8E10C /* LaunchScreen.storyboard */ = {
			isa = PBXVariantGroup;
			children = (
				63C6D9A624035A2F00A8E10C /* Base */,
			);
			name = LaunchScreen.storyboard;
			sourceTree = "<group>";
		};
/* End PBXVariantGroup section */

/* Begin XCBuildConfiguration section */
		63C6D9A924035A2F00A8E10C /* Debug */ = {
			isa = XCBuildConfiguration;
			buildSettings = {
				ALWAYS_SEARCH_USER_PATHS = NO;
				CLANG_ANALYZER_NONNULL = YES;
				CLANG_ANALYZER_NUMBER_OBJECT_CONVERSION = YES_AGGRESSIVE;
				CLANG_CXX_LANGUAGE_STANDARD = "gnu++14";
				CLANG_CXX_LIBRARY = "libc++";
				CLANG_ENABLE_MODULES = YES;
				CLANG_ENABLE_OBJC_ARC = YES;
				CLANG_ENABLE_OBJC_WEAK = YES;
				CLANG_WARN_BLOCK_CAPTURE_AUTORELEASING = YES;
				CLANG_WARN_BOOL_CONVERSION = YES;
				CLANG_WARN_COMMA = YES;
				CLANG_WARN_CONSTANT_CONVERSION = YES;
				CLANG_WARN_DEPRECATED_OBJC_IMPLEMENTATIONS = YES;
				CLANG_WARN_DIRECT_OBJC_ISA_USAGE = YES_ERROR;
				CLANG_WARN_DOCUMENTATION_COMMENTS = YES;
				CLANG_WARN_EMPTY_BODY = YES;
				CLANG_WARN_ENUM_CONVERSION = YES;
				CLANG_WARN_INFINITE_RECURSION = YES;
				CLANG_WARN_INT_CONVERSION = YES;
				CLANG_WARN_NON_LITERAL_NULL_CONVERSION = YES;
				CLANG_WARN_OBJC_IMPLICIT_RETAIN_SELF = YES;
				CLANG_WARN_OBJC_LITERAL_CONVERSION = YES;
				CLANG_WARN_OBJC_ROOT_CLASS = YES_ERROR;
				CLANG_WARN_RANGE_LOOP_ANALYSIS = YES;
				CLANG_WARN_STRICT_PROTOTYPES = YES;
				CLANG_WARN_SUSPICIOUS_MOVE = YES;
				CLANG_WARN_UNGUARDED_AVAILABILITY = YES_AGGRESSIVE;
				CLANG_WARN_UNREACHABLE_CODE = YES;
				CLANG_WARN__DUPLICATE_METHOD_MATCH = YES;
				COPY_PHASE_STRIP = NO;
				DEBUG_INFORMATION_FORMAT = dwarf;
				ENABLE_STRICT_OBJC_MSGSEND = YES;
				ENABLE_TESTABILITY = YES;
				GCC_C_LANGUAGE_STANDARD = gnu11;
				GCC_DYNAMIC_NO_PIC = NO;
				GCC_NO_COMMON_BLOCKS = YES;
				GCC_OPTIMIZATION_LEVEL = 0;
				GCC_PREPROCESSOR_DEFINITIONS = (
					"DEBUG=1",
					"$(inherited)",
				);
				GCC_WARN_64_TO_32_BIT_CONVERSION = YES;
				GCC_WARN_ABOUT_RETURN_TYPE = YES_ERROR;
				GCC_WARN_UNDECLARED_SELECTOR = YES;
				GCC_WARN_UNINITIALIZED_AUTOS = YES_AGGRESSIVE;
				GCC_WARN_UNUSED_FUNCTION = YES;
				GCC_WARN_UNUSED_VARIABLE = YES;
				IPHONEOS_DEPLOYMENT_TARGET = 13.2;
				MTL_ENABLE_DEBUG_INFO = INCLUDE_SOURCE;
				MTL_FAST_MATH = YES;
				ONLY_ACTIVE_ARCH = YES;
				SDKROOT = iphoneos;
				SWIFT_ACTIVE_COMPILATION_CONDITIONS = DEBUG;
				SWIFT_OPTIMIZATION_LEVEL = "-Onone";
			};
			name = Debug;
		};
		63C6D9AA24035A2F00A8E10C /* Release */ = {
			isa = XCBuildConfiguration;
			buildSettings = {
				ALWAYS_SEARCH_USER_PATHS = NO;
				CLANG_ANALYZER_NONNULL = YES;
				CLANG_ANALYZER_NUMBER_OBJECT_CONVERSION = YES_AGGRESSIVE;
				CLANG_CXX_LANGUAGE_STANDARD = "gnu++14";
				CLANG_CXX_LIBRARY = "libc++";
				CLANG_ENABLE_MODULES = YES;
				CLANG_ENABLE_OBJC_ARC = YES;
				CLANG_ENABLE_OBJC_WEAK = YES;
				CLANG_WARN_BLOCK_CAPTURE_AUTORELEASING = YES;
				CLANG_WARN_BOOL_CONVERSION = YES;
				CLANG_WARN_COMMA = YES;
				CLANG_WARN_CONSTANT_CONVERSION = YES;
				CLANG_WARN_DEPRECATED_OBJC_IMPLEMENTATIONS = YES;
				CLANG_WARN_DIRECT_OBJC_ISA_USAGE = YES_ERROR;
				CLANG_WARN_DOCUMENTATION_COMMENTS = YES;
				CLANG_WARN_EMPTY_BODY = YES;
				CLANG_WARN_ENUM_CONVERSION = YES;
				CLANG_WARN_INFINITE_RECURSION = YES;
				CLANG_WARN_INT_CONVERSION = YES;
				CLANG_WARN_NON_LITERAL_NULL_CONVERSION = YES;
				CLANG_WARN_OBJC_IMPLICIT_RETAIN_SELF = YES;
				CLANG_WARN_OBJC_LITERAL_CONVERSION = YES;
				CLANG_WARN_OBJC_ROOT_CLASS = YES_ERROR;
				CLANG_WARN_RANGE_LOOP_ANALYSIS = YES;
				CLANG_WARN_STRICT_PROTOTYPES = YES;
				CLANG_WARN_SUSPICIOUS_MOVE = YES;
				CLANG_WARN_UNGUARDED_AVAILABILITY = YES_AGGRESSIVE;
				CLANG_WARN_UNREACHABLE_CODE = YES;
				CLANG_WARN__DUPLICATE_METHOD_MATCH = YES;
				COPY_PHASE_STRIP = NO;
				DEBUG_INFORMATION_FORMAT = "dwarf-with-dsym";
				ENABLE_NS_ASSERTIONS = NO;
				ENABLE_STRICT_OBJC_MSGSEND = YES;
				GCC_C_LANGUAGE_STANDARD = gnu11;
				GCC_NO_COMMON_BLOCKS = YES;
				GCC_WARN_64_TO_32_BIT_CONVERSION = YES;
				GCC_WARN_ABOUT_RETURN_TYPE = YES_ERROR;
				GCC_WARN_UNDECLARED_SELECTOR = YES;
				GCC_WARN_UNINITIALIZED_AUTOS = YES_AGGRESSIVE;
				GCC_WARN_UNUSED_FUNCTION = YES;
				GCC_WARN_UNUSED_VARIABLE = YES;
				IPHONEOS_DEPLOYMENT_TARGET = 13.2;
				MTL_ENABLE_DEBUG_INFO = NO;
				MTL_FAST_MATH = YES;
				SDKROOT = iphoneos;
				SWIFT_COMPILATION_MODE = wholemodule;
				SWIFT_OPTIMIZATION_LEVEL = "-O";
				VALIDATE_PRODUCT = YES;
			};
			name = Release;
		};
		63C6D9AC24035A2F00A8E10C /* Debug */ = {
			isa = XCBuildConfiguration;
			buildSettings = {
				ASSETCATALOG_COMPILER_APPICON_NAME = AppIcon;
				CODE_SIGN_STYLE = Automatic;
				INFOPLIST_FILE = StoryboardReference/Info.plist;
				LD_RUNPATH_SEARCH_PATHS = (
					"$(inherited)",
					"@executable_path/Frameworks",
				);
				PRODUCT_BUNDLE_IDENTIFIER = swieeft.StoryboardReference;
				PRODUCT_NAME = "$(TARGET_NAME)";
				SWIFT_VERSION = 5.0;
				TARGETED_DEVICE_FAMILY = "1,2";
			};
			name = Debug;
		};
		63C6D9AD24035A2F00A8E10C /* Release */ = {
			isa = XCBuildConfiguration;
			buildSettings = {
				ASSETCATALOG_COMPILER_APPICON_NAME = AppIcon;
				CODE_SIGN_STYLE = Automatic;
				INFOPLIST_FILE = StoryboardReference/Info.plist;
				LD_RUNPATH_SEARCH_PATHS = (
					"$(inherited)",
					"@executable_path/Frameworks",
				);
				PRODUCT_BUNDLE_IDENTIFIER = swieeft.StoryboardReference;
				PRODUCT_NAME = "$(TARGET_NAME)";
				SWIFT_VERSION = 5.0;
				TARGETED_DEVICE_FAMILY = "1,2";
			};
			name = Release;
		};
/* End XCBuildConfiguration section */

/* Begin XCConfigurationList section */
		63C6D99224035A2D00A8E10C /* Build configuration list for PBXProject "StoryboardReference" */ = {
			isa = XCConfigurationList;
			buildConfigurations = (
				63C6D9A924035A2F00A8E10C /* Debug */,
				63C6D9AA24035A2F00A8E10C /* Release */,
			);
			defaultConfigurationIsVisible = 0;
			defaultConfigurationName = Release;
		};
		63C6D9AB24035A2F00A8E10C /* Build configuration list for PBXNativeTarget "StoryboardReference" */ = {
			isa = XCConfigurationList;
			buildConfigurations = (
				63C6D9AC24035A2F00A8E10C /* Debug */,
				63C6D9AD24035A2F00A8E10C /* Release */,
			);
			defaultConfigurationIsVisible = 0;
			defaultConfigurationName = Release;
		};
/* End XCConfigurationList section */
	};
	rootObject = 63C6D98F24035A2D00A8E10C /* Project object */;
}
